<?xml version="1.0" encoding="utf-8"?>
<Project ToolsVersion="4.0" xmlns="http://schemas.microsoft.com/developer/msbuild/2003">
  <ItemGroup>
    <Filter Include="Source Files">
      <UniqueIdentifier>{4FC737F1-C7A5-4376-A066-2A32D752A2FF}</UniqueIdentifier>
      <Extensions>cpp;c;cc;cxx;def;odl;idl;hpj;bat;asm;asmx</Extensions>
    </Filter>
    <Filter Include="Header Files">
      <UniqueIdentifier>{93995380-89BD-4b04-88EB-625FBE52EBFB}</UniqueIdentifier>
      <Extensions>h;hh;hpp;hxx;hm;inl;inc;xsd</Extensions>
    </Filter>
    <Filter Include="Resource Files">
      <UniqueIdentifier>{67DA6AB6-F800-4c08-8B7A-83BB121AAD01}</UniqueIdentifier>
      <Extensions>rc;ico;cur;bmp;dlg;rc2;rct;bin;rgs;gif;jpg;jpeg;jpe;resx;tiff;tif;png;wav;mfcribbon-ms</Extensions>
    </Filter>
    <Filter Include="Header Files\JSON">
      <UniqueIdentifier>{2ea9a09a-3daf-4646-ae75-6588a67936a4}</UniqueIdentifier>
    </Filter>
    <Filter Include="Header Files\Core">
      <UniqueIdentifier>{1fff629c-4ff8-47a1-98a4-9ccffb975595}</UniqueIdentifier>
    </Filter>
    <Filter Include="Source Files\Core">
      <UniqueIdentifier>{2f80c469-75dc-428a-a2ec-f67fdbe9dae7}</UniqueIdentifier>
    </Filter>
    <Filter Include="Header Files\Data">
      <UniqueIdentifier>{c3afb207-650f-4895-a340-0218c3074944}</UniqueIdentifier>
    </Filter>
    <Filter Include="Header Files\LogicHandlers">
      <UniqueIdentifier>{d660131c-21b1-435a-b875-511e38cf515f}</UniqueIdentifier>
    </Filter>
    <Filter Include="Header Files\LogicHandlers\Interface">
      <UniqueIdentifier>{385ad90b-39c5-4d42-b6a9-a7551c360c4a}</UniqueIdentifier>
    </Filter>
    <Filter Include="Source Files\LogicHandlers">
      <UniqueIdentifier>{34149dd2-871c-4631-8a6e-0793060836c9}</UniqueIdentifier>
    </Filter>
    <Filter Include="Source Files\Prototypes">
      <UniqueIdentifier>{1a473cab-f5e7-4b3a-a749-7db38f0ff8ad}</UniqueIdentifier>
    </Filter>
    <Filter Include="Header Files\Prototypes">
      <UniqueIdentifier>{3707e8d7-1c4f-494c-8b63-68b41985dc45}</UniqueIdentifier>
    </Filter>
  </ItemGroup>
  <ItemGroup>
    <ClCompile Include="Main.cpp">
      <Filter>Source Files</Filter>
    </ClCompile>
    <ClCompile Include="SocketManager.cpp">
      <Filter>Source Files\Core</Filter>
    </ClCompile>
    <ClCompile Include="Socket.cpp">
      <Filter>Source Files\Core</Filter>
    </ClCompile>
    <ClCompile Include="Buffer.cpp">
      <Filter>Source Files\Core</Filter>
    </ClCompile>
    <ClCompile Include="PacketData.cpp">
      <Filter>Source Files\Core</Filter>
    </ClCompile>
    <ClCompile Include="ClientLogic.cpp">
      <Filter>Source Files\LogicHandlers</Filter>
    </ClCompile>
    <ClCompile Include="ServerLogic.cpp">
      <Filter>Source Files\LogicHandlers</Filter>
    </ClCompile>
    <ClCompile Include="GameServer.cpp">
      <Filter>Source Files\Prototypes</Filter>
    </ClCompile>
    <ClCompile Include="ChatServer.cpp">
      <Filter>Source Files\Prototypes</Filter>
    </ClCompile>
  </ItemGroup>
  <ItemGroup>
    <ClInclude Include="json.hpp">
      <Filter>Header Files\JSON</Filter>
    </ClInclude>
    <ClInclude Include="SocketManager.h">
      <Filter>Header Files\Core</Filter>
    </ClInclude>
    <ClInclude Include="Buffer.h">
      <Filter>Header Files\Core</Filter>
    </ClInclude>
    <ClInclude Include="Socket.h">
      <Filter>Header Files\Core</Filter>
    </ClInclude>
    <ClInclude Include="PacketData.h">
      <Filter>Header Files\Core</Filter>
    </ClInclude>
    <ClInclude Include="FYPSocketStatus.h">
      <Filter>Header Files\Data</Filter>
    </ClInclude>
    <ClInclude Include="FYPClientStatus.h">
      <Filter>Header Files\Data</Filter>
    </ClInclude>
    <ClInclude Include="FYPPacketType.h">
      <Filter>Header Files\Data</Filter>
    </ClInclude>
    <ClInclude Include="LogicInterface.h">
      <Filter>Header Files\LogicHandlers\Interface</Filter>
    </ClInclude>
    <ClInclude Include="ServerLogic.h">
      <Filter>Header Files\LogicHandlers</Filter>
    </ClInclude>
    <ClInclude Include="ClientLogic.h">
      <Filter>Header Files\LogicHandlers</Filter>
    </ClInclude>
    <ClInclude Include="GameServer.h">
      <Filter>Header Files\Prototypes</Filter>
    </ClInclude>
    <ClInclude Include="ChatServer.h">
      <Filter>Header Files\Prototypes</Filter>
    </ClInclude>
  </ItemGroup>
</Project>