
Microsoft Visual Studio Solution File, Format Version 12.00
# Visual Studio 15
VisualStudioVersion = 15.0.26403.7
MinimumVisualStudioVersion = 10.0.40219.1
Project("{8BC9CEB8-8B4A-11D0-8D11-00A0C91BC942}") = "FYPNet", "FYPNet\FYPNet.vcxproj", "{0E790097-248A-4DB0-9F14-F8FB54E6A195}"
EndProject
Global
	GlobalSection(SolutionConfigurationPlatforms) = preSolution
		Debug|x64 = Debug|x64
		Debug|x86 = Debug|x86
		FYP_CLIENT|x64 = FYP_CLIENT|x64
		FYP_CLIENT|x86 = FYP_CLIENT|x86
		FYP_SERVER|x64 = FYP_SERVER|x64
		FYP_SERVER|x86 = FYP_SERVER|x86
		Release|x64 = Release|x64
		Release|x86 = Release|x86
	EndGlobalSection
	GlobalSection(ProjectConfigurationPlatforms) = postSolution
		{0E790097-248A-4DB0-9F14-F8FB54E6A195}.Debug|x64.ActiveCfg = Debug|x64
		{0E790097-248A-4DB0-9F14-F8FB54E6A195}.Debug|x64.Build.0 = Debug|x64
		{0E790097-248A-4DB0-9F14-F8FB54E6A195}.Debug|x86.ActiveCfg = Debug|Win32
		{0E790097-248A-4DB0-9F14-F8FB54E6A195}.Debug|x86.Build.0 = Debug|Win32
		{0E790097-248A-4DB0-9F14-F8FB54E6A195}.FYP_CLIENT|x64.ActiveCfg = FYP_CLIENT|x64
		{0E790097-248A-4DB0-9F14-F8FB54E6A195}.FYP_CLIENT|x64.Build.0 = FYP_CLIENT|x64
		{0E790097-248A-4DB0-9F14-F8FB54E6A195}.FYP_CLIENT|x86.ActiveCfg = FYP_CLIENT|Win32
		{0E790097-248A-4DB0-9F14-F8FB54E6A195}.FYP_CLIENT|x86.Build.0 = FYP_CLIENT|Win32
		{0E790097-248A-4DB0-9F14-F8FB54E6A195}.FYP_SERVER|x64.ActiveCfg = FYP_SERVER|x64
		{0E790097-248A-4DB0-9F14-F8FB54E6A195}.FYP_SERVER|x64.Build.0 = FYP_SERVER|x64
		{0E790097-248A-4DB0-9F14-F8FB54E6A195}.FYP_SERVER|x86.ActiveCfg = FYP_SERVER|Win32
		{0E790097-248A-4DB0-9F14-F8FB54E6A195}.FYP_SERVER|x86.Build.0 = FYP_SERVER|Win32
		{0E790097-248A-4DB0-9F14-F8FB54E6A195}.Release|x64.ActiveCfg = Release|x64
		{0E790097-248A-4DB0-9F14-F8FB54E6A195}.Release|x64.Build.0 = Release|x64
		{0E790097-248A-4DB0-9F14-F8FB54E6A195}.Release|x86.ActiveCfg = Release|Win32
		{0E790097-248A-4DB0-9F14-F8FB54E6A195}.Release|x86.Build.0 = Release|Win32
	EndGlobalSection
	GlobalSection(SolutionProperties) = preSolution
		HideSolutionNode = FALSE
	EndGlobalSection
EndGlobal
